
Microsoft Visual Studio Solution File, Format Version 12.00
# Visual Studio 15
VisualStudioVersion = 15.0.27703.2026
MinimumVisualStudioVersion = 10.0.40219.1
Project("{FAE04EC0-301F-11D3-BF4B-00C04F79EFBC}") = "WebApi", "WebApi\WebApi.csproj", "{A79DB540-22F5-4770-8C8C-350CD0EB5B5A}"
EndProject
Global
	GlobalSection(SolutionConfigurationPlatforms) = preSolution
		Debug|Any CPU = Debug|Any CPU
		Release|Any CPU = Release|Any CPU
	EndGlobalSection
	GlobalSection(ProjectConfigurationPlatforms) = postSolution
		{A79DB540-22F5-4770-8C8C-350CD0EB5B5A}.Debug|Any CPU.ActiveCfg = Debug|Any CPU
		{A79DB540-22F5-4770-8C8C-350CD0EB5B5A}.Debug|Any CPU.Build.0 = Debug|Any CPU
		{A79DB540-22F5-4770-8C8C-350CD0EB5B5A}.Release|Any CPU.ActiveCfg = Release|Any CPU
		{A79DB540-22F5-4770-8C8C-350CD0EB5B5A}.Release|Any CPU.Build.0 = Release|Any CPU
	EndGlobalSection
	GlobalSection(SolutionProperties) = preSolution
		HideSolutionNode = FALSE
	EndGlobalSection
	GlobalSection(ExtensibilityGlobals) = postSolution
		SolutionGuid = {F0DFB969-4568-4249-A5C8-AA3A1CF5A9BF}
	EndGlobalSection
EndGlobal
